<?xml version="1.0" encoding="utf-8"?>
<Project ToolsVersion="4.0" xmlns="http://schemas.microsoft.com/developer/msbuild/2003">
  <ItemGroup>
    <Filter Include="Source Files">
      <UniqueIdentifier>{4FC737F1-C7A5-4376-A066-2A32D752A2FF}</UniqueIdentifier>
      <Extensions>cpp;c;cc;cxx;def;odl;idl;hpj;bat;asm;asmx</Extensions>
    </Filter>
    <Filter Include="Header Files">
      <UniqueIdentifier>{93995380-89BD-4b04-88EB-625FBE52EBFB}</UniqueIdentifier>
      <Extensions>h;hh;hpp;hxx;hm;inl;inc;xsd</Extensions>
    </Filter>
    <Filter Include="Resource Files">
      <UniqueIdentifier>{67DA6AB6-F800-4c08-8B7A-83BB121AAD01}</UniqueIdentifier>
      <Extensions>rc;ico;cur;bmp;dlg;rc2;rct;bin;rgs;gif;jpg;jpeg;jpe;resx;tiff;tif;png;wav;mfcribbon-ms</Extensions>
    </Filter>
    <Filter Include="Resource Files\Components">
      <UniqueIdentifier>{72a6c422-2e25-4992-9b55-534153ac32e4}</UniqueIdentifier>
    </Filter>
    <Filter Include="Header Files\kuro">
      <UniqueIdentifier>{54429550-45cc-48b2-bdda-f54c0b1e6153}</UniqueIdentifier>
    </Filter>
    <Filter Include="Header Files\kuro\components">
      <UniqueIdentifier>{300a2db6-53c7-4f9b-873a-d7a5f5aba72f}</UniqueIdentifier>
    </Filter>
    <Filter Include="Header Files\kuro\entities">
      <UniqueIdentifier>{abe43d73-fdd7-42d6-a607-163ff7861d19}</UniqueIdentifier>
    </Filter>
    <Filter Include="Header Files\kuro\screens">
      <UniqueIdentifier>{34cd777d-e98d-41f2-9580-da0f6ed19cb5}</UniqueIdentifier>
    </Filter>
    <Filter Include="Source Files\kuro">
      <UniqueIdentifier>{576722e9-a994-4090-98de-fb6afc410b60}</UniqueIdentifier>
    </Filter>
    <Filter Include="Source Files\kuro\components">
      <UniqueIdentifier>{3acff8e3-1d85-4319-a9ed-419d508a4a7c}</UniqueIdentifier>
    </Filter>
    <Filter Include="Source Files\kuro\entities">
      <UniqueIdentifier>{bb215602-4a23-4790-857a-758f6b9c47ea}</UniqueIdentifier>
    </Filter>
    <Filter Include="Source Files\kuro\screens">
      <UniqueIdentifier>{568d76d7-f708-4315-be9b-8182bf2ec09e}</UniqueIdentifier>
    </Filter>
    <Filter Include="Header Files\kuro\ui">
      <UniqueIdentifier>{4c92d791-1c20-4bae-b354-b72bf68b4cb7}</UniqueIdentifier>
    </Filter>
    <Filter Include="Source Files\kuro\ui">
      <UniqueIdentifier>{736179ee-8495-4598-a0db-fe868435a110}</UniqueIdentifier>
    </Filter>
  </ItemGroup>
  <ItemGroup>
    <None Include="ClassDiagram.cd" />
    <None Include="readme.md" />
  </ItemGroup>
  <ItemGroup>
    <ResourceCompile Include="kuro.rc">
      <Filter>Resource Files</Filter>
    </ResourceCompile>
  </ItemGroup>
  <ItemGroup>
    <ClInclude Include="include\Animation.h">
      <Filter>Header Files\kuro</Filter>
    </ClInclude>
    <ClInclude Include="include\Assets.h">
      <Filter>Header Files\kuro</Filter>
    </ClInclude>
    <ClInclude Include="include\Game.h">
      <Filter>Header Files\kuro</Filter>
    </ClInclude>
    <ClInclude Include="include\Level.h">
      <Filter>Header Files\kuro</Filter>
    </ClInclude>
    <ClInclude Include="include\Logger.h">
      <Filter>Header Files\kuro</Filter>
    </ClInclude>
    <ClInclude Include="include\ResourceHolder.h">
      <Filter>Header Files\kuro</Filter>
    </ClInclude>
    <ClInclude Include="include\components\AnimationComponent.h">
      <Filter>Header Files\kuro\components</Filter>
    </ClInclude>
    <ClInclude Include="include\components\Component.h">
      <Filter>Header Files\kuro\components</Filter>
    </ClInclude>
    <ClInclude Include="include\components\PhysicsComponent.h">
      <Filter>Header Files\kuro\components</Filter>
    </ClInclude>
    <ClInclude Include="include\screens\GameScreen.h">
      <Filter>Header Files\kuro\screens</Filter>
    </ClInclude>
    <ClInclude Include="include\screens\MenuScreen.h">
      <Filter>Header Files\kuro\screens</Filter>
    </ClInclude>
    <ClInclude Include="include\screens\Screen.h">
      <Filter>Header Files\kuro\screens</Filter>
    </ClInclude>
    <ClInclude Include="include\screens\ScreenManager.h">
      <Filter>Header Files\kuro\screens</Filter>
    </ClInclude>
    <ClInclude Include="include\entities\Entity.h">
      <Filter>Header Files\kuro\entities</Filter>
    </ClInclude>
    <ClInclude Include="include\entities\Player.h">
      <Filter>Header Files\kuro\entities</Filter>
    </ClInclude>
    <ClInclude Include="Button.h">
      <Filter>Header Files\kuro\ui</Filter>
    </ClInclude>
    <ClInclude Include="TextureComponent.h">
      <Filter>Header Files\kuro\components</Filter>
    </ClInclude>
  </ItemGroup>
  <ItemGroup>
    <ClCompile Include="src\components\Component.cpp">
      <Filter>Source Files\kuro\components</Filter>
    </ClCompile>
    <ClCompile Include="src\components\PhysicsComponent.cpp">
      <Filter>Source Files\kuro\components</Filter>
    </ClCompile>
    <ClCompile Include="src\entities\Entity.cpp">
      <Filter>Source Files\kuro\entities</Filter>
    </ClCompile>
    <ClCompile Include="src\entities\Player.cpp">
      <Filter>Source Files\kuro\entities</Filter>
    </ClCompile>
    <ClCompile Include="src\screens\GameScreen.cpp">
      <Filter>Source Files\kuro\screens</Filter>
    </ClCompile>
    <ClCompile Include="src\screens\MenuScreen.cpp">
      <Filter>Source Files\kuro\screens</Filter>
    </ClCompile>
    <ClCompile Include="src\screens\Screen.cpp">
      <Filter>Source Files\kuro\screens</Filter>
    </ClCompile>
    <ClCompile Include="src\screens\ScreenManager.cpp">
      <Filter>Source Files\kuro\screens</Filter>
    </ClCompile>
    <ClCompile Include="src\Game.cpp">
      <Filter>Source Files\kuro</Filter>
    </ClCompile>
    <ClCompile Include="src\Level.cpp">
      <Filter>Source Files\kuro</Filter>
    </ClCompile>
    <ClCompile Include="src\main.cpp">
      <Filter>Source Files\kuro</Filter>
    </ClCompile>
    <ClCompile Include="src\components\AnimationComponent.cpp">
      <Filter>Source Files\kuro\components</Filter>
    </ClCompile>
    <ClCompile Include="src\Animation.cpp">
      <Filter>Source Files\kuro</Filter>
    </ClCompile>
    <ClCompile Include="Button.cpp">
      <Filter>Source Files\kuro\ui</Filter>
    </ClCompile>
    <ClCompile Include="TextureComponent.cpp">
      <Filter>Source Files\kuro\components</Filter>
    </ClCompile>
  </ItemGroup>
</Project>